
Microsoft Visual Studio Solution File, Format Version 12.00
# Visual Studio Version 17
VisualStudioVersion = 17.7.34031.279
MinimumVisualStudioVersion = 10.0.40219.1
Project("{9A19103F-16F7-4668-BE54-9A1E7A4F7556}") = "Application", "Application\Application.csproj", "{826A9657-F6A3-48B6-84F9-27F66F14B0C3}"
EndProject
Project("{9A19103F-16F7-4668-BE54-9A1E7A4F7556}") = "Domain", "Domain\Domain.csproj", "{583E34B5-6301-479F-8FAB-DFD9EEDEA980}"
EndProject
Project("{9A19103F-16F7-4668-BE54-9A1E7A4F7556}") = "Infrastructure", "Infrastructure\Infrastructure.csproj", "{06CD6BE7-F93D-4DF0-A2D1-A6C21C7EEEE0}"
EndProject
Project("{9A19103F-16F7-4668-BE54-9A1E7A4F7556}") = "ApiOS", "ApiOS\ApiOS.csproj", "{45B21140-F517-442B-9D60-3070C0CDE995}"
EndProject
Project("{2150E333-8FDC-42A3-9474-1A3956D46DE8}") = "RuleEngine", "RuleEngine", "{19E7601E-7704-406A-92AB-3D6600A0FBA0}"
EndProject
Project("{9A19103F-16F7-4668-BE54-9A1E7A4F7556}") = "RulesEngine", "RulesEngine\RulesEngine.csproj", "{175F9574-458F-43EA-A2A5-9B5EA748F4F6}"
EndProject
Project("{2150E333-8FDC-42A3-9474-1A3956D46DE8}") = "RuleManager", "RuleManager", "{E38E80FA-885C-4EA3-BDAB-77438E475107}"
EndProject
Project("{2150E333-8FDC-42A3-9474-1A3956D46DE8}") = "WorkFlow", "WorkFlow", "{0DA43F2E-E372-466C-BA11-0BB6E5A6CBD8}"
EndProject
Project("{9A19103F-16F7-4668-BE54-9A1E7A4F7556}") = "drx.cos.workflow.rulemanager", "drx.cos.workflow.rulemaneger\drx.cos.workflow.rulemanager.csproj", "{9BFA295D-4CC1-48E2-B21D-5F31AEF94602}"
EndProject
Project("{2150E333-8FDC-42A3-9474-1A3956D46DE8}") = "Other", "Other", "{7480B513-1053-4786-9B19-ECD00F7A5CA9}"
EndProject
Global
	GlobalSection(SolutionConfigurationPlatforms) = preSolution
		Debug|Any CPU = Debug|Any CPU
		Docker|Any CPU = Docker|Any CPU
		Release|Any CPU = Release|Any CPU
		Swagger|Any CPU = Swagger|Any CPU
		Test|Any CPU = Test|Any CPU
	EndGlobalSection
	GlobalSection(ProjectConfigurationPlatforms) = postSolution
		{826A9657-F6A3-48B6-84F9-27F66F14B0C3}.Debug|Any CPU.ActiveCfg = Debug|Any CPU
		{826A9657-F6A3-48B6-84F9-27F66F14B0C3}.Debug|Any CPU.Build.0 = Debug|Any CPU
		{826A9657-F6A3-48B6-84F9-27F66F14B0C3}.Docker|Any CPU.ActiveCfg = Docker|Any CPU
		{826A9657-F6A3-48B6-84F9-27F66F14B0C3}.Docker|Any CPU.Build.0 = Docker|Any CPU
		{826A9657-F6A3-48B6-84F9-27F66F14B0C3}.Release|Any CPU.ActiveCfg = Release|Any CPU
		{826A9657-F6A3-48B6-84F9-27F66F14B0C3}.Release|Any CPU.Build.0 = Release|Any CPU
		{826A9657-F6A3-48B6-84F9-27F66F14B0C3}.Swagger|Any CPU.ActiveCfg = Swagger|Any CPU
		{826A9657-F6A3-48B6-84F9-27F66F14B0C3}.Swagger|Any CPU.Build.0 = Swagger|Any CPU
		{826A9657-F6A3-48B6-84F9-27F66F14B0C3}.Test|Any CPU.ActiveCfg = Swagger|Any CPU
		{826A9657-F6A3-48B6-84F9-27F66F14B0C3}.Test|Any CPU.Build.0 = Swagger|Any CPU
		{583E34B5-6301-479F-8FAB-DFD9EEDEA980}.Debug|Any CPU.ActiveCfg = Debug|Any CPU
		{583E34B5-6301-479F-8FAB-DFD9EEDEA980}.Debug|Any CPU.Build.0 = Debug|Any CPU
		{583E34B5-6301-479F-8FAB-DFD9EEDEA980}.Docker|Any CPU.ActiveCfg = Docker|Any CPU
		{583E34B5-6301-479F-8FAB-DFD9EEDEA980}.Docker|Any CPU.Build.0 = Docker|Any CPU
		{583E34B5-6301-479F-8FAB-DFD9EEDEA980}.Release|Any CPU.ActiveCfg = Release|Any CPU
		{583E34B5-6301-479F-8FAB-DFD9EEDEA980}.Release|Any CPU.Build.0 = Release|Any CPU
		{583E34B5-6301-479F-8FAB-DFD9EEDEA980}.Swagger|Any CPU.ActiveCfg = Swagger|Any CPU
		{583E34B5-6301-479F-8FAB-DFD9EEDEA980}.Swagger|Any CPU.Build.0 = Swagger|Any CPU
		{583E34B5-6301-479F-8FAB-DFD9EEDEA980}.Test|Any CPU.ActiveCfg = Swagger|Any CPU
		{583E34B5-6301-479F-8FAB-DFD9EEDEA980}.Test|Any CPU.Build.0 = Swagger|Any CPU
		{06CD6BE7-F93D-4DF0-A2D1-A6C21C7EEEE0}.Debug|Any CPU.ActiveCfg = Debug|Any CPU
		{06CD6BE7-F93D-4DF0-A2D1-A6C21C7EEEE0}.Debug|Any CPU.Build.0 = Debug|Any CPU
		{06CD6BE7-F93D-4DF0-A2D1-A6C21C7EEEE0}.Docker|Any CPU.ActiveCfg = Docker|Any CPU
		{06CD6BE7-F93D-4DF0-A2D1-A6C21C7EEEE0}.Docker|Any CPU.Build.0 = Docker|Any CPU
		{06CD6BE7-F93D-4DF0-A2D1-A6C21C7EEEE0}.Release|Any CPU.ActiveCfg = Release|Any CPU
		{06CD6BE7-F93D-4DF0-A2D1-A6C21C7EEEE0}.Release|Any CPU.Build.0 = Release|Any CPU
		{06CD6BE7-F93D-4DF0-A2D1-A6C21C7EEEE0}.Swagger|Any CPU.ActiveCfg = Swagger|Any CPU
		{06CD6BE7-F93D-4DF0-A2D1-A6C21C7EEEE0}.Swagger|Any CPU.Build.0 = Swagger|Any CPU
		{06CD6BE7-F93D-4DF0-A2D1-A6C21C7EEEE0}.Test|Any CPU.ActiveCfg = Swagger|Any CPU
		{06CD6BE7-F93D-4DF0-A2D1-A6C21C7EEEE0}.Test|Any CPU.Build.0 = Swagger|Any CPU
		{45B21140-F517-442B-9D60-3070C0CDE995}.Debug|Any CPU.ActiveCfg = Debug|Any CPU
		{45B21140-F517-442B-9D60-3070C0CDE995}.Debug|Any CPU.Build.0 = Debug|Any CPU
		{45B21140-F517-442B-9D60-3070C0CDE995}.Docker|Any CPU.ActiveCfg = Docker|Any CPU
		{45B21140-F517-442B-9D60-3070C0CDE995}.Docker|Any CPU.Build.0 = Docker|Any CPU
		{45B21140-F517-442B-9D60-3070C0CDE995}.Release|Any CPU.ActiveCfg = Release|Any CPU
		{45B21140-F517-442B-9D60-3070C0CDE995}.Release|Any CPU.Build.0 = Release|Any CPU
		{45B21140-F517-442B-9D60-3070C0CDE995}.Swagger|Any CPU.ActiveCfg = Swagger|Any CPU
		{45B21140-F517-442B-9D60-3070C0CDE995}.Swagger|Any CPU.Build.0 = Swagger|Any CPU
		{45B21140-F517-442B-9D60-3070C0CDE995}.Test|Any CPU.ActiveCfg = Test|Any CPU
		{45B21140-F517-442B-9D60-3070C0CDE995}.Test|Any CPU.Build.0 = Test|Any CPU
		{175F9574-458F-43EA-A2A5-9B5EA748F4F6}.Debug|Any CPU.ActiveCfg = Debug|Any CPU
		{175F9574-458F-43EA-A2A5-9B5EA748F4F6}.Debug|Any CPU.Build.0 = Debug|Any CPU
		{175F9574-458F-43EA-A2A5-9B5EA748F4F6}.Docker|Any CPU.ActiveCfg = Debug|Any CPU
		{175F9574-458F-43EA-A2A5-9B5EA748F4F6}.Docker|Any CPU.Build.0 = Debug|Any CPU
		{175F9574-458F-43EA-A2A5-9B5EA748F4F6}.Release|Any CPU.ActiveCfg = Release|Any CPU
		{175F9574-458F-43EA-A2A5-9B5EA748F4F6}.Release|Any CPU.Build.0 = Release|Any CPU
		{175F9574-458F-43EA-A2A5-9B5EA748F4F6}.Swagger|Any CPU.ActiveCfg = Debug|Any CPU
		{175F9574-458F-43EA-A2A5-9B5EA748F4F6}.Swagger|Any CPU.Build.0 = Debug|Any CPU
		{175F9574-458F-43EA-A2A5-9B5EA748F4F6}.Test|Any CPU.ActiveCfg = Release|Any CPU
		{175F9574-458F-43EA-A2A5-9B5EA748F4F6}.Test|Any CPU.Build.0 = Release|Any CPU
		{9BFA295D-4CC1-48E2-B21D-5F31AEF94602}.Debug|Any CPU.ActiveCfg = Debug|Any CPU
		{9BFA295D-4CC1-48E2-B21D-5F31AEF94602}.Debug|Any CPU.Build.0 = Debug|Any CPU
		{9BFA295D-4CC1-48E2-B21D-5F31AEF94602}.Docker|Any CPU.ActiveCfg = Debug|Any CPU
		{9BFA295D-4CC1-48E2-B21D-5F31AEF94602}.Docker|Any CPU.Build.0 = Debug|Any CPU
		{9BFA295D-4CC1-48E2-B21D-5F31AEF94602}.Release|Any CPU.ActiveCfg = Release|Any CPU
		{9BFA295D-4CC1-48E2-B21D-5F31AEF94602}.Release|Any CPU.Build.0 = Release|Any CPU
		{9BFA295D-4CC1-48E2-B21D-5F31AEF94602}.Swagger|Any CPU.ActiveCfg = Debug|Any CPU
		{9BFA295D-4CC1-48E2-B21D-5F31AEF94602}.Swagger|Any CPU.Build.0 = Debug|Any CPU
		{9BFA295D-4CC1-48E2-B21D-5F31AEF94602}.Test|Any CPU.ActiveCfg = Debug|Any CPU
		{9BFA295D-4CC1-48E2-B21D-5F31AEF94602}.Test|Any CPU.Build.0 = Debug|Any CPU
	EndGlobalSection
	GlobalSection(SolutionProperties) = preSolution
		HideSolutionNode = FALSE
	EndGlobalSection
	GlobalSection(NestedProjects) = preSolution
		{826A9657-F6A3-48B6-84F9-27F66F14B0C3} = {0DA43F2E-E372-466C-BA11-0BB6E5A6CBD8}
		{583E34B5-6301-479F-8FAB-DFD9EEDEA980} = {0DA43F2E-E372-466C-BA11-0BB6E5A6CBD8}
		{06CD6BE7-F93D-4DF0-A2D1-A6C21C7EEEE0} = {0DA43F2E-E372-466C-BA11-0BB6E5A6CBD8}
		{45B21140-F517-442B-9D60-3070C0CDE995} = {0DA43F2E-E372-466C-BA11-0BB6E5A6CBD8}
		{175F9574-458F-43EA-A2A5-9B5EA748F4F6} = {19E7601E-7704-406A-92AB-3D6600A0FBA0}
		{9BFA295D-4CC1-48E2-B21D-5F31AEF94602} = {E38E80FA-885C-4EA3-BDAB-77438E475107}
	EndGlobalSection
	GlobalSection(ExtensibilityGlobals) = postSolution
		SolutionGuid = {2F1B2DF9-441C-43D9-9E04-173185F605AA}
	EndGlobalSection
EndGlobal
